
Microsoft Visual Studio Solution File, Format Version 12.00
# Visual Studio Version 16
VisualStudioVersion = 16.0.30717.126
MinimumVisualStudioVersion = 10.0.40219.1
Project("{2150E333-8FDC-42A3-9474-1A3956D46DE8}") = "src", "src", "{5E0FD13B-ADDA-4DBE-8598-2CAF80273DAF}"
EndProject
Project("{2150E333-8FDC-42A3-9474-1A3956D46DE8}") = "Catalog", "Catalog", "{C6111781-D744-4B62-AD7C-776C7417D746}"
EndProject
Project("{2150E333-8FDC-42A3-9474-1A3956D46DE8}") = "Identity", "Identity", "{892D2A03-BCB2-4BA9-8BD5-A9D8DF5C9211}"
EndProject
Project("{9A19103F-16F7-4668-BE54-9A1E7A4F7556}") = "MicroCommerce.Identity.Api", "src\Identity\MicroCommerce.Identity.Api\MicroCommerce.Identity.Api.csproj", "{2ACAA2B3-4155-466E-850A-125C5394EB6A}"
EndProject
Project("{9A19103F-16F7-4668-BE54-9A1E7A4F7556}") = "MicroCommerce.Catalog.Api.Tests", "src\Catalog\MicroCommerce.Catalog.Api.Tests\MicroCommerce.Catalog.Api.Tests.csproj", "{F4582E29-9ACD-4425-BCAC-3B64A969A0C6}"
EndProject
Project("{9A19103F-16F7-4668-BE54-9A1E7A4F7556}") = "MicroCommerce.Catalog.Api", "src\Catalog\MicroCommerce.Catalog.Api\MicroCommerce.Catalog.Api.csproj", "{5E2AE904-04B4-4444-B550-489B6A88324E}"
EndProject
Project("{9A19103F-16F7-4668-BE54-9A1E7A4F7556}") = "MicroCommerce.Identity.Api.Tests", "src\Identity\MicroCommerce.Identity.Api.Tests\MicroCommerce.Identity.Api.Tests.csproj", "{376A2BE9-E57F-4CE7-A69C-B3010EFC284E}"
EndProject
Project("{2150E333-8FDC-42A3-9474-1A3956D46DE8}") = "BuildingBlocks", "BuildingBlocks", "{0DD38ED5-7EE8-4219-8DA6-60CE0E3918DF}"
EndProject
Project("{2150E333-8FDC-42A3-9474-1A3956D46DE8}") = "Solution Items", "Solution Items", "{CD9825C2-AF05-4C8D-82C3-751A23159976}"
	ProjectSection(SolutionItems) = preProject
		.editorconfig = .editorconfig
		Directory.Build.props = Directory.Build.props
	EndProjectSection
EndProject
Project("{2150E333-8FDC-42A3-9474-1A3956D46DE8}") = "_schema", "_schema", "{8A40A7B0-5154-4F4B-B6FA-CF411075BF97}"
EndProject
Project("{2150E333-8FDC-42A3-9474-1A3956D46DE8}") = "protos", "protos", "{7540B3C0-0F64-4736-BFC2-EB34B662B292}"
	ProjectSection(SolutionItems) = preProject
		src\_schema\protos\catalog.proto = src\_schema\protos\catalog.proto
	EndProjectSection
EndProject
Global
	GlobalSection(SolutionConfigurationPlatforms) = preSolution
		Debug|Any CPU = Debug|Any CPU
		Release|Any CPU = Release|Any CPU
	EndGlobalSection
	GlobalSection(ProjectConfigurationPlatforms) = postSolution
		{2ACAA2B3-4155-466E-850A-125C5394EB6A}.Debug|Any CPU.ActiveCfg = Debug|Any CPU
		{2ACAA2B3-4155-466E-850A-125C5394EB6A}.Debug|Any CPU.Build.0 = Debug|Any CPU
		{2ACAA2B3-4155-466E-850A-125C5394EB6A}.Release|Any CPU.ActiveCfg = Release|Any CPU
		{2ACAA2B3-4155-466E-850A-125C5394EB6A}.Release|Any CPU.Build.0 = Release|Any CPU
		{F4582E29-9ACD-4425-BCAC-3B64A969A0C6}.Debug|Any CPU.ActiveCfg = Debug|Any CPU
		{F4582E29-9ACD-4425-BCAC-3B64A969A0C6}.Debug|Any CPU.Build.0 = Debug|Any CPU
		{F4582E29-9ACD-4425-BCAC-3B64A969A0C6}.Release|Any CPU.ActiveCfg = Release|Any CPU
		{F4582E29-9ACD-4425-BCAC-3B64A969A0C6}.Release|Any CPU.Build.0 = Release|Any CPU
		{5E2AE904-04B4-4444-B550-489B6A88324E}.Debug|Any CPU.ActiveCfg = Debug|Any CPU
		{5E2AE904-04B4-4444-B550-489B6A88324E}.Debug|Any CPU.Build.0 = Debug|Any CPU
		{5E2AE904-04B4-4444-B550-489B6A88324E}.Release|Any CPU.ActiveCfg = Release|Any CPU
		{5E2AE904-04B4-4444-B550-489B6A88324E}.Release|Any CPU.Build.0 = Release|Any CPU
		{376A2BE9-E57F-4CE7-A69C-B3010EFC284E}.Debug|Any CPU.ActiveCfg = Debug|Any CPU
		{376A2BE9-E57F-4CE7-A69C-B3010EFC284E}.Debug|Any CPU.Build.0 = Debug|Any CPU
		{376A2BE9-E57F-4CE7-A69C-B3010EFC284E}.Release|Any CPU.ActiveCfg = Release|Any CPU
		{376A2BE9-E57F-4CE7-A69C-B3010EFC284E}.Release|Any CPU.Build.0 = Release|Any CPU
	EndGlobalSection
	GlobalSection(SolutionProperties) = preSolution
		HideSolutionNode = FALSE
	EndGlobalSection
	GlobalSection(NestedProjects) = preSolution
		{C6111781-D744-4B62-AD7C-776C7417D746} = {5E0FD13B-ADDA-4DBE-8598-2CAF80273DAF}
		{892D2A03-BCB2-4BA9-8BD5-A9D8DF5C9211} = {5E0FD13B-ADDA-4DBE-8598-2CAF80273DAF}
		{2ACAA2B3-4155-466E-850A-125C5394EB6A} = {892D2A03-BCB2-4BA9-8BD5-A9D8DF5C9211}
		{F4582E29-9ACD-4425-BCAC-3B64A969A0C6} = {C6111781-D744-4B62-AD7C-776C7417D746}
		{5E2AE904-04B4-4444-B550-489B6A88324E} = {C6111781-D744-4B62-AD7C-776C7417D746}
		{376A2BE9-E57F-4CE7-A69C-B3010EFC284E} = {892D2A03-BCB2-4BA9-8BD5-A9D8DF5C9211}
		{0DD38ED5-7EE8-4219-8DA6-60CE0E3918DF} = {5E0FD13B-ADDA-4DBE-8598-2CAF80273DAF}
		{8A40A7B0-5154-4F4B-B6FA-CF411075BF97} = {5E0FD13B-ADDA-4DBE-8598-2CAF80273DAF}
		{7540B3C0-0F64-4736-BFC2-EB34B662B292} = {8A40A7B0-5154-4F4B-B6FA-CF411075BF97}
	EndGlobalSection
	GlobalSection(ExtensibilityGlobals) = postSolution
		SolutionGuid = {C964A25D-74E3-4D8F-8B34-24741FC7263C}
	EndGlobalSection
EndGlobal
