
Microsoft Visual Studio Solution File, Format Version 12.00
# Visual Studio Version 16
VisualStudioVersion = 16.0.29424.173
MinimumVisualStudioVersion = 10.0.40219.1
Project("{2150E333-8FDC-42A3-9474-1A3956D46DE8}") = "src", "src", "{3FA1450D-3421-4955-A1B9-C71E086B7405}"
EndProject
Project("{2150E333-8FDC-42A3-9474-1A3956D46DE8}") = "tests", "tests", "{C2DCDE16-9A73-44CA-A8F0-054FDF085EB2}"
EndProject
Project("{2150E333-8FDC-42A3-9474-1A3956D46DE8}") = "Protos", "Protos", "{D6A0823E-5FD0-4002-8C00-57F8B3DE4235}"
EndProject
Project("{2150E333-8FDC-42A3-9474-1A3956D46DE8}") = "UnitTests", "UnitTests", "{C4F634AF-3D07-4776-B01F-B64B29AF7979}"
EndProject
Project("{2150E333-8FDC-42A3-9474-1A3956D46DE8}") = "FunctionalTests", "FunctionalTests", "{5B9423E6-235E-4DC8-83F5-902AF568756F}"
EndProject
Project("{9A19103F-16F7-4668-BE54-9A1E7A4F7556}") = "Identity.API", "src\Identity.API\Identity.API.csproj", "{5364A86B-1F2C-48FC-BF8D-7C1A9F65287D}"
EndProject
Project("{9A19103F-16F7-4668-BE54-9A1E7A4F7556}") = "React.Web", "src\React.Web\React.Web.csproj", "{E61BF25D-B8AF-4553-9428-64BE9A638E7B}"
EndProject
Project("{FAE04EC0-301F-11D3-BF4B-00C04F79EFBC}") = "Catalog.API", "src\Catalog.API\Catalog.API.csproj", "{68D9C0DD-A7D3-464F-97C6-74EE44C9D9F6}"
EndProject
Project("{FAE04EC0-301F-11D3-BF4B-00C04F79EFBC}") = "Catalog.API.FunctionalTests", "tests\FunctionalTests\Catalog.API.FunctionalTests\Catalog.API.FunctionalTests.csproj", "{9C430B42-3CD4-41A6-A220-7162BC27EBCD}"
EndProject
Project("{FAE04EC0-301F-11D3-BF4B-00C04F79EFBC}") = "Catalog.API.UnitTests", "tests\UnitTests\Catalog.API.UnitTests\Catalog.API.UnitTests.csproj", "{FD792C8F-FFA3-4F0B-9CB9-CC2CCE3C7797}"
EndProject
Global
	GlobalSection(SolutionConfigurationPlatforms) = preSolution
		Debug|Any CPU = Debug|Any CPU
		Release|Any CPU = Release|Any CPU
	EndGlobalSection
	GlobalSection(ProjectConfigurationPlatforms) = postSolution
		{5364A86B-1F2C-48FC-BF8D-7C1A9F65287D}.Debug|Any CPU.ActiveCfg = Debug|Any CPU
		{5364A86B-1F2C-48FC-BF8D-7C1A9F65287D}.Debug|Any CPU.Build.0 = Debug|Any CPU
		{5364A86B-1F2C-48FC-BF8D-7C1A9F65287D}.Release|Any CPU.ActiveCfg = Release|Any CPU
		{5364A86B-1F2C-48FC-BF8D-7C1A9F65287D}.Release|Any CPU.Build.0 = Release|Any CPU
		{E61BF25D-B8AF-4553-9428-64BE9A638E7B}.Debug|Any CPU.ActiveCfg = Debug|Any CPU
		{E61BF25D-B8AF-4553-9428-64BE9A638E7B}.Debug|Any CPU.Build.0 = Debug|Any CPU
		{E61BF25D-B8AF-4553-9428-64BE9A638E7B}.Release|Any CPU.ActiveCfg = Release|Any CPU
		{E61BF25D-B8AF-4553-9428-64BE9A638E7B}.Release|Any CPU.Build.0 = Release|Any CPU
		{68D9C0DD-A7D3-464F-97C6-74EE44C9D9F6}.Debug|Any CPU.ActiveCfg = Debug|Any CPU
		{68D9C0DD-A7D3-464F-97C6-74EE44C9D9F6}.Debug|Any CPU.Build.0 = Debug|Any CPU
		{68D9C0DD-A7D3-464F-97C6-74EE44C9D9F6}.Release|Any CPU.ActiveCfg = Release|Any CPU
		{68D9C0DD-A7D3-464F-97C6-74EE44C9D9F6}.Release|Any CPU.Build.0 = Release|Any CPU
		{9C430B42-3CD4-41A6-A220-7162BC27EBCD}.Debug|Any CPU.ActiveCfg = Debug|Any CPU
		{9C430B42-3CD4-41A6-A220-7162BC27EBCD}.Debug|Any CPU.Build.0 = Debug|Any CPU
		{9C430B42-3CD4-41A6-A220-7162BC27EBCD}.Release|Any CPU.ActiveCfg = Release|Any CPU
		{9C430B42-3CD4-41A6-A220-7162BC27EBCD}.Release|Any CPU.Build.0 = Release|Any CPU
		{FD792C8F-FFA3-4F0B-9CB9-CC2CCE3C7797}.Debug|Any CPU.ActiveCfg = Debug|Any CPU
		{FD792C8F-FFA3-4F0B-9CB9-CC2CCE3C7797}.Debug|Any CPU.Build.0 = Debug|Any CPU
		{FD792C8F-FFA3-4F0B-9CB9-CC2CCE3C7797}.Release|Any CPU.ActiveCfg = Release|Any CPU
		{FD792C8F-FFA3-4F0B-9CB9-CC2CCE3C7797}.Release|Any CPU.Build.0 = Release|Any CPU
	EndGlobalSection
	GlobalSection(SolutionProperties) = preSolution
		HideSolutionNode = FALSE
	EndGlobalSection
	GlobalSection(NestedProjects) = preSolution
		{D6A0823E-5FD0-4002-8C00-57F8B3DE4235} = {3FA1450D-3421-4955-A1B9-C71E086B7405}
		{C4F634AF-3D07-4776-B01F-B64B29AF7979} = {C2DCDE16-9A73-44CA-A8F0-054FDF085EB2}
		{5B9423E6-235E-4DC8-83F5-902AF568756F} = {C2DCDE16-9A73-44CA-A8F0-054FDF085EB2}
		{5364A86B-1F2C-48FC-BF8D-7C1A9F65287D} = {3FA1450D-3421-4955-A1B9-C71E086B7405}
		{E61BF25D-B8AF-4553-9428-64BE9A638E7B} = {3FA1450D-3421-4955-A1B9-C71E086B7405}
		{68D9C0DD-A7D3-464F-97C6-74EE44C9D9F6} = {3FA1450D-3421-4955-A1B9-C71E086B7405}
		{9C430B42-3CD4-41A6-A220-7162BC27EBCD} = {5B9423E6-235E-4DC8-83F5-902AF568756F}
		{FD792C8F-FFA3-4F0B-9CB9-CC2CCE3C7797} = {C4F634AF-3D07-4776-B01F-B64B29AF7979}
	EndGlobalSection
	GlobalSection(ExtensibilityGlobals) = postSolution
		SolutionGuid = {4535079B-42C6-434C-B086-3D1ABC809B16}
	EndGlobalSection
EndGlobal
