
Microsoft Visual Studio Solution File, Format Version 12.00
# Visual Studio Version 16
VisualStudioVersion = 16.0.29424.173
MinimumVisualStudioVersion = 10.0.40219.1
Project("{2150E333-8FDC-42A3-9474-1A3956D46DE8}") = "src", "src", "{3FA1450D-3421-4955-A1B9-C71E086B7405}"
EndProject
Project("{2150E333-8FDC-42A3-9474-1A3956D46DE8}") = "tests", "tests", "{C2DCDE16-9A73-44CA-A8F0-054FDF085EB2}"
EndProject
Project("{2150E333-8FDC-42A3-9474-1A3956D46DE8}") = "Protos", "Protos", "{D6A0823E-5FD0-4002-8C00-57F8B3DE4235}"
	ProjectSection(SolutionItems) = preProject
		src\Protos\catalog.proto = src\Protos\catalog.proto
		src\Protos\common.proto = src\Protos\common.proto
		src\Protos\identity.proto = src\Protos\identity.proto
		src\Protos\shared.proto = src\Protos\shared.proto
	EndProjectSection
EndProject
Project("{9A19103F-16F7-4668-BE54-9A1E7A4F7556}") = "Identity.API", "src\Identity.API\Identity.API.csproj", "{9A19103F-16F7-4668-BE54-9A1E7A4F7556}"
EndProject
Project("{9A19103F-16F7-4668-BE54-9A1E7A4F7556}") = "React.Web", "src\React.Web\React.Web.csproj", "{E61BF25D-B8AF-4553-9428-64BE9A638E7B}"
EndProject
Project("{9A19103F-16F7-4668-BE54-9A1E7A4F7556}") = "Catalog.API", "src\Catalog.API\Catalog.API.csproj", "{FAE04EC0-301F-11D3-BF4B-00C04F79EFBC}"
EndProject
Project("{2150E333-8FDC-42A3-9474-1A3956D46DE8}") = "BuildingBlocks", "BuildingBlocks", "{FE1C629B-BCF8-48BB-94E4-5C794A0C59B7}"
EndProject
Project("{9A19103F-16F7-4668-BE54-9A1E7A4F7556}") = "Shared", "src\BuildingBlocks\Shared\Shared.csproj", "{63E85335-38AE-495C-B258-03C7BDE8AF38}"
EndProject
Project("{2150E333-8FDC-42A3-9474-1A3956D46DE8}") = "Catalog.API", "Catalog.API", "{7A78FDB0-64E5-4341-878B-C165E0389DAE}"
EndProject
Project("{9A19103F-16F7-4668-BE54-9A1E7A4F7556}") = "Catalog.API.UnitTests", "tests\Catalog.API\Catalog.API.UnitTests\Catalog.API.UnitTests.csproj", "{7508BBE5-9765-4D0D-AB7C-ADB3F5C11FA9}"
EndProject
Project("{9A19103F-16F7-4668-BE54-9A1E7A4F7556}") = "Catalog.API.FunctionalTests", "tests\Catalog.API\Catalog.API.FunctionalTests\Catalog.API.FunctionalTests.csproj", "{150AB567-87FB-49EE-8E69-218B145A649A}"
EndProject
Project("{2150E333-8FDC-42A3-9474-1A3956D46DE8}") = "BuildingBlocks", "BuildingBlocks", "{3DCA040E-AB02-41BF-AACF-8808C0BDC2FF}"
EndProject
Project("{9A19103F-16F7-4668-BE54-9A1E7A4F7556}") = "Shared.UnitTests", "tests\BuildingBlocks\Shared.UnitTests\Shared.UnitTests.csproj", "{0F873801-2F29-4392-A893-FDC948FF3BC3}"
EndProject
Project("{2150E333-8FDC-42A3-9474-1A3956D46DE8}") = "Solution Items", "Solution Items", "{3563756E-F838-42CE-9A2F-0B9C3E597852}"
	ProjectSection(SolutionItems) = preProject
		.editorconfig = .editorconfig
		Directory.Build.props = Directory.Build.props
	EndProjectSection
EndProject
Project("{2150E333-8FDC-42A3-9474-1A3956D46DE8}") = "Identity.API", "Identity.API", "{08783EB8-0295-4158-8355-A3865969981D}"
EndProject
Project("{9A19103F-16F7-4668-BE54-9A1E7A4F7556}") = "Identity.API.UnitTests", "tests\Identity.API\Identity.API.UnitTests\Identity.API.UnitTests.csproj", "{1B174BFB-C797-4B08-BC89-43B0EB2159D9}"
EndProject
Project("{9A19103F-16F7-4668-BE54-9A1E7A4F7556}") = "Identity.API.FunctionalTests", "tests\Identity.API\Identity.API.FunctionalTests\Identity.API.FunctionalTests.csproj", "{7EF3D595-2856-413B-BDC5-B1AF933963FB}"
EndProject
Project("{9A19103F-16F7-4668-BE54-9A1E7A4F7556}") = "Shared.Testings", "src\BuildingBlocks\Shared.Testings\Shared.Testings.csproj", "{1CD7CD6F-9D26-4210-9770-645CD9C3092E}"
EndProject
Project("{9A19103F-16F7-4668-BE54-9A1E7A4F7556}") = "Shared.Grpc", "src\BuildingBlocks\Shared.Grpc\Shared.Grpc.csproj", "{05590E2B-B6B0-4BB1-A07E-9E148CC63836}"
EndProject
Project("{9A19103F-16F7-4668-BE54-9A1E7A4F7556}") = "Ordering.API", "src\Ordering.API\Ordering.API.csproj", "{0F4FCD99-FDEE-4B30-8A8E-F46D791144F3}"
EndProject
Project("{9A19103F-16F7-4668-BE54-9A1E7A4F7556}") = "Data.Entities", "src\BuildingBlocks\Data.Entities\Data.Entities.csproj", "{F4D6ECF2-A2E1-4A78-A904-62FFBCA033DC}"
EndProject
Project("{9A19103F-16F7-4668-BE54-9A1E7A4F7556}") = "Data.UnitOfWork.EF", "src\BuildingBlocks\Data.UnitOfWork.EF\Data.UnitOfWork.EF.csproj", "{3382939B-E4C0-4618-8340-DE812EB5D142}"
EndProject
Project("{9A19103F-16F7-4668-BE54-9A1E7A4F7556}") = "Data.UnitOfWork.Dapper", "src\BuildingBlocks\Data.UnitOfWork.Dapper\Data.UnitOfWork.Dapper.csproj", "{4D50981A-7191-481E-9258-85C5696AF6D9}"
EndProject
Project("{FAE04EC0-301F-11D3-BF4B-00C04F79EFBC}") = "Basket.API", "src\Basket.API\Basket.API.csproj", "{BB5C14D8-FCCD-4865-8921-D8DB3CCB7151}"
EndProject
Global
	GlobalSection(SolutionConfigurationPlatforms) = preSolution
		Debug|Any CPU = Debug|Any CPU
		Release|Any CPU = Release|Any CPU
	EndGlobalSection
	GlobalSection(ProjectConfigurationPlatforms) = postSolution
		{9A19103F-16F7-4668-BE54-9A1E7A4F7556}.Debug|Any CPU.ActiveCfg = Debug|Any CPU
		{9A19103F-16F7-4668-BE54-9A1E7A4F7556}.Debug|Any CPU.Build.0 = Debug|Any CPU
		{9A19103F-16F7-4668-BE54-9A1E7A4F7556}.Release|Any CPU.ActiveCfg = Release|Any CPU
		{9A19103F-16F7-4668-BE54-9A1E7A4F7556}.Release|Any CPU.Build.0 = Release|Any CPU
		{E61BF25D-B8AF-4553-9428-64BE9A638E7B}.Debug|Any CPU.ActiveCfg = Debug|Any CPU
		{E61BF25D-B8AF-4553-9428-64BE9A638E7B}.Debug|Any CPU.Build.0 = Debug|Any CPU
		{E61BF25D-B8AF-4553-9428-64BE9A638E7B}.Release|Any CPU.ActiveCfg = Release|Any CPU
		{E61BF25D-B8AF-4553-9428-64BE9A638E7B}.Release|Any CPU.Build.0 = Release|Any CPU
		{FAE04EC0-301F-11D3-BF4B-00C04F79EFBC}.Debug|Any CPU.ActiveCfg = Debug|Any CPU
		{FAE04EC0-301F-11D3-BF4B-00C04F79EFBC}.Debug|Any CPU.Build.0 = Debug|Any CPU
		{FAE04EC0-301F-11D3-BF4B-00C04F79EFBC}.Release|Any CPU.ActiveCfg = Release|Any CPU
		{FAE04EC0-301F-11D3-BF4B-00C04F79EFBC}.Release|Any CPU.Build.0 = Release|Any CPU
		{63E85335-38AE-495C-B258-03C7BDE8AF38}.Debug|Any CPU.ActiveCfg = Debug|Any CPU
		{63E85335-38AE-495C-B258-03C7BDE8AF38}.Debug|Any CPU.Build.0 = Debug|Any CPU
		{63E85335-38AE-495C-B258-03C7BDE8AF38}.Release|Any CPU.ActiveCfg = Release|Any CPU
		{63E85335-38AE-495C-B258-03C7BDE8AF38}.Release|Any CPU.Build.0 = Release|Any CPU
		{7508BBE5-9765-4D0D-AB7C-ADB3F5C11FA9}.Debug|Any CPU.ActiveCfg = Debug|Any CPU
		{7508BBE5-9765-4D0D-AB7C-ADB3F5C11FA9}.Debug|Any CPU.Build.0 = Debug|Any CPU
		{7508BBE5-9765-4D0D-AB7C-ADB3F5C11FA9}.Release|Any CPU.ActiveCfg = Release|Any CPU
		{7508BBE5-9765-4D0D-AB7C-ADB3F5C11FA9}.Release|Any CPU.Build.0 = Release|Any CPU
		{150AB567-87FB-49EE-8E69-218B145A649A}.Debug|Any CPU.ActiveCfg = Debug|Any CPU
		{150AB567-87FB-49EE-8E69-218B145A649A}.Debug|Any CPU.Build.0 = Debug|Any CPU
		{150AB567-87FB-49EE-8E69-218B145A649A}.Release|Any CPU.ActiveCfg = Release|Any CPU
		{150AB567-87FB-49EE-8E69-218B145A649A}.Release|Any CPU.Build.0 = Release|Any CPU
		{0F873801-2F29-4392-A893-FDC948FF3BC3}.Debug|Any CPU.ActiveCfg = Debug|Any CPU
		{0F873801-2F29-4392-A893-FDC948FF3BC3}.Debug|Any CPU.Build.0 = Debug|Any CPU
		{0F873801-2F29-4392-A893-FDC948FF3BC3}.Release|Any CPU.ActiveCfg = Release|Any CPU
		{0F873801-2F29-4392-A893-FDC948FF3BC3}.Release|Any CPU.Build.0 = Release|Any CPU
		{1B174BFB-C797-4B08-BC89-43B0EB2159D9}.Debug|Any CPU.ActiveCfg = Debug|Any CPU
		{1B174BFB-C797-4B08-BC89-43B0EB2159D9}.Debug|Any CPU.Build.0 = Debug|Any CPU
		{1B174BFB-C797-4B08-BC89-43B0EB2159D9}.Release|Any CPU.ActiveCfg = Release|Any CPU
		{1B174BFB-C797-4B08-BC89-43B0EB2159D9}.Release|Any CPU.Build.0 = Release|Any CPU
		{7EF3D595-2856-413B-BDC5-B1AF933963FB}.Debug|Any CPU.ActiveCfg = Debug|Any CPU
		{7EF3D595-2856-413B-BDC5-B1AF933963FB}.Debug|Any CPU.Build.0 = Debug|Any CPU
		{7EF3D595-2856-413B-BDC5-B1AF933963FB}.Release|Any CPU.ActiveCfg = Release|Any CPU
		{7EF3D595-2856-413B-BDC5-B1AF933963FB}.Release|Any CPU.Build.0 = Release|Any CPU
		{1CD7CD6F-9D26-4210-9770-645CD9C3092E}.Debug|Any CPU.ActiveCfg = Debug|Any CPU
		{1CD7CD6F-9D26-4210-9770-645CD9C3092E}.Debug|Any CPU.Build.0 = Debug|Any CPU
		{1CD7CD6F-9D26-4210-9770-645CD9C3092E}.Release|Any CPU.ActiveCfg = Release|Any CPU
		{1CD7CD6F-9D26-4210-9770-645CD9C3092E}.Release|Any CPU.Build.0 = Release|Any CPU
		{05590E2B-B6B0-4BB1-A07E-9E148CC63836}.Debug|Any CPU.ActiveCfg = Debug|Any CPU
		{05590E2B-B6B0-4BB1-A07E-9E148CC63836}.Debug|Any CPU.Build.0 = Debug|Any CPU
		{05590E2B-B6B0-4BB1-A07E-9E148CC63836}.Release|Any CPU.ActiveCfg = Release|Any CPU
		{05590E2B-B6B0-4BB1-A07E-9E148CC63836}.Release|Any CPU.Build.0 = Release|Any CPU
		{0F4FCD99-FDEE-4B30-8A8E-F46D791144F3}.Debug|Any CPU.ActiveCfg = Debug|Any CPU
		{0F4FCD99-FDEE-4B30-8A8E-F46D791144F3}.Debug|Any CPU.Build.0 = Debug|Any CPU
		{0F4FCD99-FDEE-4B30-8A8E-F46D791144F3}.Release|Any CPU.ActiveCfg = Release|Any CPU
		{0F4FCD99-FDEE-4B30-8A8E-F46D791144F3}.Release|Any CPU.Build.0 = Release|Any CPU
		{F4D6ECF2-A2E1-4A78-A904-62FFBCA033DC}.Debug|Any CPU.ActiveCfg = Debug|Any CPU
		{F4D6ECF2-A2E1-4A78-A904-62FFBCA033DC}.Debug|Any CPU.Build.0 = Debug|Any CPU
		{F4D6ECF2-A2E1-4A78-A904-62FFBCA033DC}.Release|Any CPU.ActiveCfg = Release|Any CPU
		{F4D6ECF2-A2E1-4A78-A904-62FFBCA033DC}.Release|Any CPU.Build.0 = Release|Any CPU
		{3382939B-E4C0-4618-8340-DE812EB5D142}.Debug|Any CPU.ActiveCfg = Debug|Any CPU
		{3382939B-E4C0-4618-8340-DE812EB5D142}.Debug|Any CPU.Build.0 = Debug|Any CPU
		{3382939B-E4C0-4618-8340-DE812EB5D142}.Release|Any CPU.ActiveCfg = Release|Any CPU
		{3382939B-E4C0-4618-8340-DE812EB5D142}.Release|Any CPU.Build.0 = Release|Any CPU
		{4D50981A-7191-481E-9258-85C5696AF6D9}.Debug|Any CPU.ActiveCfg = Debug|Any CPU
		{4D50981A-7191-481E-9258-85C5696AF6D9}.Debug|Any CPU.Build.0 = Debug|Any CPU
		{4D50981A-7191-481E-9258-85C5696AF6D9}.Release|Any CPU.ActiveCfg = Release|Any CPU
		{4D50981A-7191-481E-9258-85C5696AF6D9}.Release|Any CPU.Build.0 = Release|Any CPU
		{BB5C14D8-FCCD-4865-8921-D8DB3CCB7151}.Debug|Any CPU.ActiveCfg = Debug|Any CPU
		{BB5C14D8-FCCD-4865-8921-D8DB3CCB7151}.Debug|Any CPU.Build.0 = Debug|Any CPU
		{BB5C14D8-FCCD-4865-8921-D8DB3CCB7151}.Release|Any CPU.ActiveCfg = Release|Any CPU
		{BB5C14D8-FCCD-4865-8921-D8DB3CCB7151}.Release|Any CPU.Build.0 = Release|Any CPU
	EndGlobalSection
	GlobalSection(SolutionProperties) = preSolution
		HideSolutionNode = FALSE
	EndGlobalSection
	GlobalSection(NestedProjects) = preSolution
		{D6A0823E-5FD0-4002-8C00-57F8B3DE4235} = {3FA1450D-3421-4955-A1B9-C71E086B7405}
		{9A19103F-16F7-4668-BE54-9A1E7A4F7556} = {3FA1450D-3421-4955-A1B9-C71E086B7405}
		{E61BF25D-B8AF-4553-9428-64BE9A638E7B} = {3FA1450D-3421-4955-A1B9-C71E086B7405}
		{FAE04EC0-301F-11D3-BF4B-00C04F79EFBC} = {3FA1450D-3421-4955-A1B9-C71E086B7405}
		{FE1C629B-BCF8-48BB-94E4-5C794A0C59B7} = {3FA1450D-3421-4955-A1B9-C71E086B7405}
		{63E85335-38AE-495C-B258-03C7BDE8AF38} = {FE1C629B-BCF8-48BB-94E4-5C794A0C59B7}
		{7A78FDB0-64E5-4341-878B-C165E0389DAE} = {C2DCDE16-9A73-44CA-A8F0-054FDF085EB2}
		{7508BBE5-9765-4D0D-AB7C-ADB3F5C11FA9} = {7A78FDB0-64E5-4341-878B-C165E0389DAE}
		{150AB567-87FB-49EE-8E69-218B145A649A} = {7A78FDB0-64E5-4341-878B-C165E0389DAE}
		{3DCA040E-AB02-41BF-AACF-8808C0BDC2FF} = {C2DCDE16-9A73-44CA-A8F0-054FDF085EB2}
		{0F873801-2F29-4392-A893-FDC948FF3BC3} = {3DCA040E-AB02-41BF-AACF-8808C0BDC2FF}
		{08783EB8-0295-4158-8355-A3865969981D} = {C2DCDE16-9A73-44CA-A8F0-054FDF085EB2}
		{1B174BFB-C797-4B08-BC89-43B0EB2159D9} = {08783EB8-0295-4158-8355-A3865969981D}
		{7EF3D595-2856-413B-BDC5-B1AF933963FB} = {08783EB8-0295-4158-8355-A3865969981D}
		{1CD7CD6F-9D26-4210-9770-645CD9C3092E} = {FE1C629B-BCF8-48BB-94E4-5C794A0C59B7}
		{05590E2B-B6B0-4BB1-A07E-9E148CC63836} = {FE1C629B-BCF8-48BB-94E4-5C794A0C59B7}
		{0F4FCD99-FDEE-4B30-8A8E-F46D791144F3} = {3FA1450D-3421-4955-A1B9-C71E086B7405}
		{F4D6ECF2-A2E1-4A78-A904-62FFBCA033DC} = {FE1C629B-BCF8-48BB-94E4-5C794A0C59B7}
		{3382939B-E4C0-4618-8340-DE812EB5D142} = {FE1C629B-BCF8-48BB-94E4-5C794A0C59B7}
		{4D50981A-7191-481E-9258-85C5696AF6D9} = {FE1C629B-BCF8-48BB-94E4-5C794A0C59B7}
		{BB5C14D8-FCCD-4865-8921-D8DB3CCB7151} = {3FA1450D-3421-4955-A1B9-C71E086B7405}
	EndGlobalSection
	GlobalSection(ExtensibilityGlobals) = postSolution
		SolutionGuid = {4535079B-42C6-434C-B086-3D1ABC809B16}
	EndGlobalSection
EndGlobal
