
Microsoft Visual Studio Solution File, Format Version 12.00
Project("{2150E333-8FDC-42A3-9474-1A3956D46DE8}") = "src", "src", "{553F2788-22B9-4C3B-A918-26367DED1526}"
EndProject
Project("{FAE04EC0-301F-11D3-BF4B-00C04F79EFBC}") = "CartService", "src\CartService\CartService.csproj", "{2916C1AA-531F-42F3-A6AE-F56D83BE8DBF}"
EndProject
Project("{2150E333-8FDC-42A3-9474-1A3956D46DE8}") = "tests", "tests", "{16654823-5A9B-48DE-9ACD-31B32648000F}"
EndProject
Global
	GlobalSection(SolutionConfigurationPlatforms) = preSolution
		Debug|Any CPU = Debug|Any CPU
		Release|Any CPU = Release|Any CPU
	EndGlobalSection
	GlobalSection(NestedProjects) = preSolution
		{2916C1AA-531F-42F3-A6AE-F56D83BE8DBF} = {553F2788-22B9-4C3B-A918-26367DED1526}
	EndGlobalSection
	GlobalSection(ProjectConfigurationPlatforms) = postSolution
		{2916C1AA-531F-42F3-A6AE-F56D83BE8DBF}.Debug|Any CPU.ActiveCfg = Debug|Any CPU
		{2916C1AA-531F-42F3-A6AE-F56D83BE8DBF}.Debug|Any CPU.Build.0 = Debug|Any CPU
		{2916C1AA-531F-42F3-A6AE-F56D83BE8DBF}.Release|Any CPU.ActiveCfg = Release|Any CPU
		{2916C1AA-531F-42F3-A6AE-F56D83BE8DBF}.Release|Any CPU.Build.0 = Release|Any CPU
	EndGlobalSection
EndGlobal
