
Microsoft Visual Studio Solution File, Format Version 12.00
Project("{2150E333-8FDC-42A3-9474-1A3956D46DE8}") = "src", "src", "{F955BD9E-EC8B-4706-858E-85EE0BA93179}"
EndProject
Project("{FAE04EC0-301F-11D3-BF4B-00C04F79EFBC}") = "AppHost", "src\AppHost\AppHost.csproj", "{20D951FE-0AFD-48AF-8F44-0EA4C1591E44}"
EndProject
Project("{2150E333-8FDC-42A3-9474-1A3956D46DE8}") = "CartService", "CartService", "{816182F1-7957-4B9A-B1E5-76E8DF634CF0}"
EndProject
Project("{FAE04EC0-301F-11D3-BF4B-00C04F79EFBC}") = "CartService.Domain", "src\CartService\CartService.Domain\CartService.Domain.csproj", "{68CE4733-D65D-4D48-B0AB-EE7AAF20B9A8}"
EndProject
Project("{FAE04EC0-301F-11D3-BF4B-00C04F79EFBC}") = "CartService.Infrastructure", "src\CartService\CartService.Infrastructure\CartService.Infrastructure.csproj", "{6C8AF743-4D93-415A-9A9E-BD7661280672}"
EndProject
Project("{FAE04EC0-301F-11D3-BF4B-00C04F79EFBC}") = "CartService.Api", "src\CartService\CartService.Api\CartService.Api.csproj", "{48B3CE31-A7C4-4A85-9E84-852CB0B42C4B}"
EndProject
Project("{FAE04EC0-301F-11D3-BF4B-00C04F79EFBC}") = "CartService.Application", "src\CartService\CartService.Application\CartService.Application.csproj", "{B49D8C19-D5E6-4CA6-BF1C-481CCFEFA7DE}"
EndProject
Project("{2150E333-8FDC-42A3-9474-1A3956D46DE8}") = "BuildingBlocks", "BuildingBlocks", "{164E3563-9349-4456-B284-60705EA1EF35}"
EndProject
Project("{FAE04EC0-301F-11D3-BF4B-00C04F79EFBC}") = "BuildingBlocks.Common", "src\BuildingBlocks\BuildingBlocks.Common\BuildingBlocks.Common.csproj", "{A9EE1478-B996-4248-8F07-937AF1E66B71}"
EndProject
Project("{2150E333-8FDC-42A3-9474-1A3956D46DE8}") = "tests", "tests", "{5F45414D-C051-487F-ACA1-32D0E2343332}"
EndProject
Project("{FAE04EC0-301F-11D3-BF4B-00C04F79EFBC}") = "CartService.Domain.UnitTests", "src\CartService\tests\CartService.Domain.UnitTests\CartService.Domain.UnitTests.csproj", "{E1D40BF4-FBB1-4AC6-A9AF-2B26B8B38042}"
EndProject
Project("{2150E333-8FDC-42A3-9474-1A3956D46DE8}") = "solution-items", "solution-items", "{11F3E142-C9E6-4717-BC29-B28400AEB3DC}"
	ProjectSection(SolutionItems) = preProject
		Directory.Packages.props = Directory.Packages.props
		.editorconfig = .editorconfig
		Directory.Build.props = Directory.Build.props
	EndProjectSection
EndProject
Project("{FAE04EC0-301F-11D3-BF4B-00C04F79EFBC}") = "BuildingBlocks.ServiceDefaults", "src\BuildingBlocks\BuildingBlocks.ServiceDefaults\BuildingBlocks.ServiceDefaults.csproj", "{91C38C19-328B-4298-96A9-71893F515ED5}"
EndProject
Project("{2150E333-8FDC-42A3-9474-1A3956D46DE8}") = "Gateway", "Gateway", "{84229CB8-82DC-46FB-B2DB-AC4A0644D472}"
EndProject
Project("{FAE04EC0-301F-11D3-BF4B-00C04F79EFBC}") = "Yarp", "src\Gateway\Yarp\Yarp.csproj", "{9AE803AA-3E82-45E5-8C84-191EBFF30FCF}"
EndProject
Global
	GlobalSection(SolutionConfigurationPlatforms) = preSolution
		Debug|Any CPU = Debug|Any CPU
		Release|Any CPU = Release|Any CPU
	EndGlobalSection
	GlobalSection(NestedProjects) = preSolution
		{20D951FE-0AFD-48AF-8F44-0EA4C1591E44} = {F955BD9E-EC8B-4706-858E-85EE0BA93179}
		{816182F1-7957-4B9A-B1E5-76E8DF634CF0} = {F955BD9E-EC8B-4706-858E-85EE0BA93179}
		{68CE4733-D65D-4D48-B0AB-EE7AAF20B9A8} = {816182F1-7957-4B9A-B1E5-76E8DF634CF0}
		{6C8AF743-4D93-415A-9A9E-BD7661280672} = {816182F1-7957-4B9A-B1E5-76E8DF634CF0}
		{48B3CE31-A7C4-4A85-9E84-852CB0B42C4B} = {816182F1-7957-4B9A-B1E5-76E8DF634CF0}
		{B49D8C19-D5E6-4CA6-BF1C-481CCFEFA7DE} = {816182F1-7957-4B9A-B1E5-76E8DF634CF0}
		{164E3563-9349-4456-B284-60705EA1EF35} = {F955BD9E-EC8B-4706-858E-85EE0BA93179}
		{A9EE1478-B996-4248-8F07-937AF1E66B71} = {164E3563-9349-4456-B284-60705EA1EF35}
		{5F45414D-C051-487F-ACA1-32D0E2343332} = {816182F1-7957-4B9A-B1E5-76E8DF634CF0}
		{E1D40BF4-FBB1-4AC6-A9AF-2B26B8B38042} = {5F45414D-C051-487F-ACA1-32D0E2343332}
		{91C38C19-328B-4298-96A9-71893F515ED5} = {164E3563-9349-4456-B284-60705EA1EF35}
		{84229CB8-82DC-46FB-B2DB-AC4A0644D472} = {F955BD9E-EC8B-4706-858E-85EE0BA93179}
		{9AE803AA-3E82-45E5-8C84-191EBFF30FCF} = {84229CB8-82DC-46FB-B2DB-AC4A0644D472}
	EndGlobalSection
	GlobalSection(ProjectConfigurationPlatforms) = postSolution
		{20D951FE-0AFD-48AF-8F44-0EA4C1591E44}.Debug|Any CPU.ActiveCfg = Debug|Any CPU
		{20D951FE-0AFD-48AF-8F44-0EA4C1591E44}.Debug|Any CPU.Build.0 = Debug|Any CPU
		{20D951FE-0AFD-48AF-8F44-0EA4C1591E44}.Release|Any CPU.ActiveCfg = Release|Any CPU
		{20D951FE-0AFD-48AF-8F44-0EA4C1591E44}.Release|Any CPU.Build.0 = Release|Any CPU
		{68CE4733-D65D-4D48-B0AB-EE7AAF20B9A8}.Debug|Any CPU.ActiveCfg = Debug|Any CPU
		{68CE4733-D65D-4D48-B0AB-EE7AAF20B9A8}.Debug|Any CPU.Build.0 = Debug|Any CPU
		{68CE4733-D65D-4D48-B0AB-EE7AAF20B9A8}.Release|Any CPU.ActiveCfg = Release|Any CPU
		{68CE4733-D65D-4D48-B0AB-EE7AAF20B9A8}.Release|Any CPU.Build.0 = Release|Any CPU
		{6C8AF743-4D93-415A-9A9E-BD7661280672}.Debug|Any CPU.ActiveCfg = Debug|Any CPU
		{6C8AF743-4D93-415A-9A9E-BD7661280672}.Debug|Any CPU.Build.0 = Debug|Any CPU
		{6C8AF743-4D93-415A-9A9E-BD7661280672}.Release|Any CPU.ActiveCfg = Release|Any CPU
		{6C8AF743-4D93-415A-9A9E-BD7661280672}.Release|Any CPU.Build.0 = Release|Any CPU
		{48B3CE31-A7C4-4A85-9E84-852CB0B42C4B}.Debug|Any CPU.ActiveCfg = Debug|Any CPU
		{48B3CE31-A7C4-4A85-9E84-852CB0B42C4B}.Debug|Any CPU.Build.0 = Debug|Any CPU
		{48B3CE31-A7C4-4A85-9E84-852CB0B42C4B}.Release|Any CPU.ActiveCfg = Release|Any CPU
		{48B3CE31-A7C4-4A85-9E84-852CB0B42C4B}.Release|Any CPU.Build.0 = Release|Any CPU
		{B49D8C19-D5E6-4CA6-BF1C-481CCFEFA7DE}.Debug|Any CPU.ActiveCfg = Debug|Any CPU
		{B49D8C19-D5E6-4CA6-BF1C-481CCFEFA7DE}.Debug|Any CPU.Build.0 = Debug|Any CPU
		{B49D8C19-D5E6-4CA6-BF1C-481CCFEFA7DE}.Release|Any CPU.ActiveCfg = Release|Any CPU
		{B49D8C19-D5E6-4CA6-BF1C-481CCFEFA7DE}.Release|Any CPU.Build.0 = Release|Any CPU
		{A9EE1478-B996-4248-8F07-937AF1E66B71}.Debug|Any CPU.ActiveCfg = Debug|Any CPU
		{A9EE1478-B996-4248-8F07-937AF1E66B71}.Debug|Any CPU.Build.0 = Debug|Any CPU
		{A9EE1478-B996-4248-8F07-937AF1E66B71}.Release|Any CPU.ActiveCfg = Release|Any CPU
		{A9EE1478-B996-4248-8F07-937AF1E66B71}.Release|Any CPU.Build.0 = Release|Any CPU
		{E1D40BF4-FBB1-4AC6-A9AF-2B26B8B38042}.Debug|Any CPU.ActiveCfg = Debug|Any CPU
		{E1D40BF4-FBB1-4AC6-A9AF-2B26B8B38042}.Debug|Any CPU.Build.0 = Debug|Any CPU
		{E1D40BF4-FBB1-4AC6-A9AF-2B26B8B38042}.Release|Any CPU.ActiveCfg = Release|Any CPU
		{E1D40BF4-FBB1-4AC6-A9AF-2B26B8B38042}.Release|Any CPU.Build.0 = Release|Any CPU
		{91C38C19-328B-4298-96A9-71893F515ED5}.Debug|Any CPU.ActiveCfg = Debug|Any CPU
		{91C38C19-328B-4298-96A9-71893F515ED5}.Debug|Any CPU.Build.0 = Debug|Any CPU
		{91C38C19-328B-4298-96A9-71893F515ED5}.Release|Any CPU.ActiveCfg = Release|Any CPU
		{91C38C19-328B-4298-96A9-71893F515ED5}.Release|Any CPU.Build.0 = Release|Any CPU
		{9AE803AA-3E82-45E5-8C84-191EBFF30FCF}.Debug|Any CPU.ActiveCfg = Debug|Any CPU
		{9AE803AA-3E82-45E5-8C84-191EBFF30FCF}.Debug|Any CPU.Build.0 = Debug|Any CPU
		{9AE803AA-3E82-45E5-8C84-191EBFF30FCF}.Release|Any CPU.ActiveCfg = Release|Any CPU
		{9AE803AA-3E82-45E5-8C84-191EBFF30FCF}.Release|Any CPU.Build.0 = Release|Any CPU
	EndGlobalSection
EndGlobal
