<Solution>
  <Folder Name="/AppHost/">
    <Project Path="AppHost/MicroCommerce.AppHost.csproj" />
  </Folder>
  <Folder Name="/Services/">
    <Folder Name="/Services/Catalog.API/">
      <Folder Name="/Services/Catalog.API/src/">
        <Project Path="Services/Catalog.API/src/Domain/MicroCommerce.Domain.csproj" />
        <Project Path="Services/Catalog.API/src/Infrastructure/MicroCommerce.Infrastructure.csproj" />
        <Project Path="Services/Catalog.API/src/Application/MicroCommerce.Application.csproj" />
        <Project Path="Services/Catalog.API/src/Api/MicroCommerce.Server.csproj" />
      </Folder>
      <Folder Name="/Services/Catalog.API/tests/">
        <Project Path="Services/Catalog.API/tests/Domain.Tests/MicroCommerce.Domain.Tests.csproj" />
        <Project Path="Services/Catalog.API/tests/IntegrationTests/MicroCommerce.IntegrationTests.csproj" />
      </Folder>
    </Folder>
  </Folder>
</Solution>
