Microsoft Visual Studio Solution File, Format Version 12.00
# Visual Studio Version 17
VisualStudioVersion = 17.8.0.0
MinimumVisualStudioVersion = 17.8.0.0
Project("{9A19103F-16F7-4668-BE54-9A1E7A4F7556}") = "MicroCommerce.AppHost", "MicroCommerce.AppHost\MicroCommerce.AppHost.csproj", "{AF96B21B-E0AC-473D-BDFF-6C9D156EDD47}"
EndProject
Project("{9A19103F-16F7-4668-BE54-9A1E7A4F7556}") = "MicroCommerce.Server", "MicroCommerce.Server\MicroCommerce.Server.csproj", "{6154724A-7DA1-46E8-915F-6A12CE474358}"
EndProject
Project("{54A90642-561A-4BB1-A94E-469ADEE60C69}") = "frontend", "frontend\frontend.esproj", "{776E07CF-E106-4745-AECF-D785C886CAE3}"
EndProject

Global
	GlobalSection(SolutionConfigurationPlatforms) = preSolution
		Debug|Any CPU = Debug|Any CPU
		Release|Any CPU = Release|Any CPU
	EndGlobalSection
	GlobalSection(ProjectConfigurationPlatforms) = postSolution
		{AF96B21B-E0AC-473D-BDFF-6C9D156EDD47}.Debug|Any CPU.ActiveCfg = Debug|Any CPU
		{AF96B21B-E0AC-473D-BDFF-6C9D156EDD47}.Debug|Any CPU.Build.0 = Debug|Any CPU
		{AF96B21B-E0AC-473D-BDFF-6C9D156EDD47}.Release|Any CPU.ActiveCfg = Release|Any CPU
		{AF96B21B-E0AC-473D-BDFF-6C9D156EDD47}.Release|Any CPU.Build.0 = Release|Any CPU
		{6154724A-7DA1-46E8-915F-6A12CE474358}.Debug|Any CPU.ActiveCfg = Debug|Any CPU
		{6154724A-7DA1-46E8-915F-6A12CE474358}.Debug|Any CPU.Build.0 = Debug|Any CPU
		{6154724A-7DA1-46E8-915F-6A12CE474358}.Release|Any CPU.ActiveCfg = Release|Any CPU
		{6154724A-7DA1-46E8-915F-6A12CE474358}.Release|Any CPU.Build.0 = Release|Any CPU
		{776E07CF-E106-4745-AECF-D785C886CAE3}.Debug|Any CPU.ActiveCfg = Debug|Any CPU
		{776E07CF-E106-4745-AECF-D785C886CAE3}.Debug|Any CPU.Build.0 = Debug|Any CPU
		{776E07CF-E106-4745-AECF-D785C886CAE3}.Release|Any CPU.ActiveCfg = Release|Any CPU
		{776E07CF-E106-4745-AECF-D785C886CAE3}.Release|Any CPU.Build.0 = Release|Any CPU

	EndGlobalSection
	GlobalSection(SolutionProperties) = preSolution
		HideSolutionNode = FALSE
	EndGlobalSection
	GlobalSection(ExtensibilityGlobals) = postSolution
		SolutionGuid = {4499C099-535E-4A24-94A0-898FC77A344E}
	EndGlobalSection
EndGlobal
